// !$*UTF8*$!
{
	archiveVersion = 1;
	classes = {
	};
	objectVersion = 56;
	objects = {

/* Begin PBXBuildFile section */
		341A3EA329DFF7490071157F /* ZignsecIdentificationResultsView.swift in Sources */ = {isa = PBXBuildFile; fileRef = 341A3EA229DFF7490071157F /* ZignsecIdentificationResultsView.swift */; };
		341A3EA529DFFB880071157F /* ZignSecContentView.swift in Sources */ = {isa = PBXBuildFile; fileRef = 341A3EA429DFFB880071157F /* ZignSecContentView.swift */; };
		349512C2297FAE5E0013673A /* MobileSdk_iOS_Framework.framework in Frameworks */ = {isa = PBXBuildFile; fileRef = 349512C1297FAE5E0013673A /* MobileSdk_iOS_Framework.framework */; };
		349512C3297FAE5E0013673A /* MobileSdk_iOS_Framework.framework in Embed Frameworks */ = {isa = PBXBuildFile; fileRef = 349512C1297FAE5E0013673A /* MobileSdk_iOS_Framework.framework */; settings = {ATTRIBUTES = (CodeSignOnCopy, RemoveHeadersOnCopy, ); }; };
		34CC6498297FAD1E004D6FE1 /* MobileSdk_iOS_SampleAppApp.swift in Sources */ = {isa = PBXBuildFile; fileRef = 34CC6497297FAD1E004D6FE1 /* MobileSdk_iOS_SampleAppApp.swift */; };
		34CC649C297FAD1F004D6FE1 /* Assets.xcassets in Resources */ = {isa = PBXBuildFile; fileRef = 34CC649B297FAD1F004D6FE1 /* Assets.xcassets */; };
		34CC649F297FAD1F004D6FE1 /* Preview Assets.xcassets in Resources */ = {isa = PBXBuildFile; fileRef = 34CC649E297FAD1F004D6FE1 /* Preview Assets.xcassets */; };
		34CC64A4297FAD1F004D6FE1 /* MobileSdk_iOS_SampleApp.xcdatamodeld in Sources */ = {isa = PBXBuildFile; fileRef = 34CC64A2297FAD1F004D6FE1 /* MobileSdk_iOS_SampleApp.xcdatamodeld */; };
/* End PBXBuildFile section */

/* Begin PBXCopyFilesBuildPhase section */
		349512C4297FAE5E0013673A /* Embed Frameworks */ = {
			isa = PBXCopyFilesBuildPhase;
			buildActionMask = 2147483647;
			dstPath = "";
			dstSubfolderSpec = 10;
			files = (
				349512C3297FAE5E0013673A /* MobileSdk_iOS_Framework.framework in Embed Frameworks */,
			);
			name = "Embed Frameworks";
			runOnlyForDeploymentPostprocessing = 0;
		};
/* End PBXCopyFilesBuildPhase section */

/* Begin PBXFileReference section */
		341A3EA229DFF7490071157F /* ZignsecIdentificationResultsView.swift */ = {isa = PBXFileReference; lastKnownFileType = sourcecode.swift; path = ZignsecIdentificationResultsView.swift; sourceTree = "<group>"; };
		341A3EA429DFFB880071157F /* ZignSecContentView.swift */ = {isa = PBXFileReference; lastKnownFileType = sourcecode.swift; path = ZignSecContentView.swift; sourceTree = "<group>"; };
		349512C1297FAE5E0013673A /* MobileSdk_iOS_Framework.framework */ = {isa = PBXFileReference; explicitFileType = wrapper.framework; path = MobileSdk_iOS_Framework.framework; sourceTree = BUILT_PRODUCTS_DIR; };
		349512CF297FBA590013673A /* MobileSdk-iOS-SampleApp-Info.plist */ = {isa = PBXFileReference; lastKnownFileType = text.plist; path = "MobileSdk-iOS-SampleApp-Info.plist"; sourceTree = SOURCE_ROOT; };
		34CC6494297FAD1E004D6FE1 /* MobileSdk.iOS.SampleApp.app */ = {isa = PBXFileReference; explicitFileType = wrapper.application; includeInIndex = 0; path = MobileSdk.iOS.SampleApp.app; sourceTree = BUILT_PRODUCTS_DIR; };
		34CC6497297FAD1E004D6FE1 /* MobileSdk_iOS_SampleAppApp.swift */ = {isa = PBXFileReference; lastKnownFileType = sourcecode.swift; path = MobileSdk_iOS_SampleAppApp.swift; sourceTree = "<group>"; };
		34CC649B297FAD1F004D6FE1 /* Assets.xcassets */ = {isa = PBXFileReference; lastKnownFileType = folder.assetcatalog; path = Assets.xcassets; sourceTree = "<group>"; };
		34CC649E297FAD1F004D6FE1 /* Preview Assets.xcassets */ = {isa = PBXFileReference; lastKnownFileType = folder.assetcatalog; path = "Preview Assets.xcassets"; sourceTree = "<group>"; };
		34CC64A3297FAD1F004D6FE1 /* MobileSdk_iOS_SampleApp.xcdatamodel */ = {isa = PBXFileReference; lastKnownFileType = wrapper.xcdatamodel; path = MobileSdk_iOS_SampleApp.xcdatamodel; sourceTree = "<group>"; };
/* End PBXFileReference section */

/* Begin PBXFrameworksBuildPhase section */
		34CC6491297FAD1E004D6FE1 /* Frameworks */ = {
			isa = PBXFrameworksBuildPhase;
			buildActionMask = 2147483647;
			files = (
				349512C2297FAE5E0013673A /* MobileSdk_iOS_Framework.framework in Frameworks */,
			);
			runOnlyForDeploymentPostprocessing = 0;
		};
/* End PBXFrameworksBuildPhase section */

/* Begin PBXGroup section */
		349512C0297FAE5E0013673A /* Frameworks */ = {
			isa = PBXGroup;
			children = (
				349512C1297FAE5E0013673A /* MobileSdk_iOS_Framework.framework */,
			);
			name = Frameworks;
			sourceTree = "<group>";
		};
		34CC648B297FAD1D004D6FE1 = {
			isa = PBXGroup;
			children = (
				34CC6496297FAD1E004D6FE1 /* MobileSdk.iOS.SampleApp */,
				34CC6495297FAD1E004D6FE1 /* Products */,
				349512C0297FAE5E0013673A /* Frameworks */,
			);
			sourceTree = "<group>";
		};
		34CC6495297FAD1E004D6FE1 /* Products */ = {
			isa = PBXGroup;
			children = (
				34CC6494297FAD1E004D6FE1 /* MobileSdk.iOS.SampleApp.app */,
			);
			name = Products;
			sourceTree = "<group>";
		};
		34CC6496297FAD1E004D6FE1 /* MobileSdk.iOS.SampleApp */ = {
			isa = PBXGroup;
			children = (
				349512CF297FBA590013673A /* MobileSdk-iOS-SampleApp-Info.plist */,
				34CC6497297FAD1E004D6FE1 /* MobileSdk_iOS_SampleAppApp.swift */,
				34CC649B297FAD1F004D6FE1 /* Assets.xcassets */,
				34CC64A2297FAD1F004D6FE1 /* MobileSdk_iOS_SampleApp.xcdatamodeld */,
				34CC649D297FAD1F004D6FE1 /* Preview Content */,
				341A3EA229DFF7490071157F /* ZignsecIdentificationResultsView.swift */,
				341A3EA429DFFB880071157F /* ZignSecContentView.swift */,
			);
			path = MobileSdk.iOS.SampleApp;
			sourceTree = "<group>";
		};
		34CC649D297FAD1F004D6FE1 /* Preview Content */ = {
			isa = PBXGroup;
			children = (
				34CC649E297FAD1F004D6FE1 /* Preview Assets.xcassets */,
			);
			path = "Preview Content";
			sourceTree = "<group>";
		};
/* End PBXGroup section */

/* Begin PBXNativeTarget section */
		34CC6493297FAD1E004D6FE1 /* MobileSdk.iOS.SampleApp */ = {
			isa = PBXNativeTarget;
			buildConfigurationList = 34CC64A7297FAD1F004D6FE1 /* Build configuration list for PBXNativeTarget "MobileSdk.iOS.SampleApp" */;
			buildPhases = (
				34CC6490297FAD1E004D6FE1 /* Sources */,
				34CC6491297FAD1E004D6FE1 /* Frameworks */,
				34CC6492297FAD1E004D6FE1 /* Resources */,
				349512C4297FAE5E0013673A /* Embed Frameworks */,
			);
			buildRules = (
			);
			dependencies = (
			);
			name = MobileSdk.iOS.SampleApp;
			productName = MobileSdk.iOS.SampleApp;
			productReference = 34CC6494297FAD1E004D6FE1 /* MobileSdk.iOS.SampleApp.app */;
			productType = "com.apple.product-type.application";
		};
/* End PBXNativeTarget section */

/* Begin PBXProject section */
		34CC648C297FAD1D004D6FE1 /* Project object */ = {
			isa = PBXProject;
			attributes = {
				BuildIndependentTargetsInParallel = 1;
				LastSwiftUpdateCheck = 1420;
				LastUpgradeCheck = 1420;
				TargetAttributes = {
					34CC6493297FAD1E004D6FE1 = {
						CreatedOnToolsVersion = 14.2;
					};
				};
			};
			buildConfigurationList = 34CC648F297FAD1D004D6FE1 /* Build configuration list for PBXProject "MobileSdk.iOS.SampleApp" */;
			compatibilityVersion = "Xcode 14.0";
			developmentRegion = en;
			hasScannedForEncodings = 0;
			knownRegions = (
				en,
				Base,
			);
			mainGroup = 34CC648B297FAD1D004D6FE1;
			productRefGroup = 34CC6495297FAD1E004D6FE1 /* Products */;
			projectDirPath = "";
			projectRoot = "";
			targets = (
				34CC6493297FAD1E004D6FE1 /* MobileSdk.iOS.SampleApp */,
			);
		};
/* End PBXProject section */

/* Begin PBXResourcesBuildPhase section */
		34CC6492297FAD1E004D6FE1 /* Resources */ = {
			isa = PBXResourcesBuildPhase;
			buildActionMask = 2147483647;
			files = (
				34CC649F297FAD1F004D6FE1 /* Preview Assets.xcassets in Resources */,
				34CC649C297FAD1F004D6FE1 /* Assets.xcassets in Resources */,
			);
			runOnlyForDeploymentPostprocessing = 0;
		};
/* End PBXResourcesBuildPhase section */

/* Begin PBXSourcesBuildPhase section */
		34CC6490297FAD1E004D6FE1 /* Sources */ = {
			isa = PBXSourcesBuildPhase;
			buildActionMask = 2147483647;
			files = (
				34CC64A4297FAD1F004D6FE1 /* MobileSdk_iOS_SampleApp.xcdatamodeld in Sources */,
				341A3EA329DFF7490071157F /* ZignsecIdentificationResultsView.swift in Sources */,
				341A3EA529DFFB880071157F /* ZignSecContentView.swift in Sources */,
				34CC6498297FAD1E004D6FE1 /* MobileSdk_iOS_SampleAppApp.swift in Sources */,
			);
			runOnlyForDeploymentPostprocessing = 0;
		};
/* End PBXSourcesBuildPhase section */

/* Begin XCBuildConfiguration section */
		34CC64A5297FAD1F004D6FE1 /* Debug */ = {
			isa = XCBuildConfiguration;
			buildSettings = {
				ALWAYS_SEARCH_USER_PATHS = NO;
				CLANG_ANALYZER_NONNULL = YES;
				CLANG_ANALYZER_NUMBER_OBJECT_CONVERSION = YES_AGGRESSIVE;
				CLANG_CXX_LANGUAGE_STANDARD = "gnu++20";
				CLANG_ENABLE_MODULES = YES;
				CLANG_ENABLE_OBJC_ARC = YES;
				CLANG_ENABLE_OBJC_WEAK = YES;
				CLANG_WARN_BLOCK_CAPTURE_AUTORELEASING = YES;
				CLANG_WARN_BOOL_CONVERSION = YES;
				CLANG_WARN_COMMA = YES;
				CLANG_WARN_CONSTANT_CONVERSION = YES;
				CLANG_WARN_DEPRECATED_OBJC_IMPLEMENTATIONS = YES;
				CLANG_WARN_DIRECT_OBJC_ISA_USAGE = YES_ERROR;
				CLANG_WARN_DOCUMENTATION_COMMENTS = YES;
				CLANG_WARN_EMPTY_BODY = YES;
				CLANG_WARN_ENUM_CONVERSION = YES;
				CLANG_WARN_INFINITE_RECURSION = YES;
				CLANG_WARN_INT_CONVERSION = YES;
				CLANG_WARN_NON_LITERAL_NULL_CONVERSION = YES;
				CLANG_WARN_OBJC_IMPLICIT_RETAIN_SELF = YES;
				CLANG_WARN_OBJC_LITERAL_CONVERSION = YES;
				CLANG_WARN_OBJC_ROOT_CLASS = YES_ERROR;
				CLANG_WARN_QUOTED_INCLUDE_IN_FRAMEWORK_HEADER = YES;
				CLANG_WARN_RANGE_LOOP_ANALYSIS = YES;
				CLANG_WARN_STRICT_PROTOTYPES = YES;
				CLANG_WARN_SUSPICIOUS_MOVE = YES;
				CLANG_WARN_UNGUARDED_AVAILABILITY = YES_AGGRESSIVE;
				CLANG_WARN_UNREACHABLE_CODE = YES;
				CLANG_WARN__DUPLICATE_METHOD_MATCH = YES;
				COPY_PHASE_STRIP = NO;
				DEBUG_INFORMATION_FORMAT = dwarf;
				ENABLE_STRICT_OBJC_MSGSEND = YES;
				ENABLE_TESTABILITY = YES;
				GCC_C_LANGUAGE_STANDARD = gnu11;
				GCC_DYNAMIC_NO_PIC = NO;
				GCC_NO_COMMON_BLOCKS = YES;
				GCC_OPTIMIZATION_LEVEL = 0;
				GCC_PREPROCESSOR_DEFINITIONS = (
					"DEBUG=1",
					"$(inherited)",
				);
				GCC_WARN_64_TO_32_BIT_CONVERSION = YES;
				GCC_WARN_ABOUT_RETURN_TYPE = YES_ERROR;
				GCC_WARN_UNDECLARED_SELECTOR = YES;
				GCC_WARN_UNINITIALIZED_AUTOS = YES_AGGRESSIVE;
				GCC_WARN_UNUSED_FUNCTION = YES;
				GCC_WARN_UNUSED_VARIABLE = YES;
				IPHONEOS_DEPLOYMENT_TARGET = 16.2;
				MTL_ENABLE_DEBUG_INFO = INCLUDE_SOURCE;
				MTL_FAST_MATH = YES;
				ONLY_ACTIVE_ARCH = YES;
				SDKROOT = iphoneos;
				SWIFT_ACTIVE_COMPILATION_CONDITIONS = DEBUG;
				SWIFT_OPTIMIZATION_LEVEL = "-Onone";
			};
			name = Debug;
		};
		34CC64A6297FAD1F004D6FE1 /* Release */ = {
			isa = XCBuildConfiguration;
			buildSettings = {
				ALWAYS_SEARCH_USER_PATHS = NO;
				CLANG_ANALYZER_NONNULL = YES;
				CLANG_ANALYZER_NUMBER_OBJECT_CONVERSION = YES_AGGRESSIVE;
				CLANG_CXX_LANGUAGE_STANDARD = "gnu++20";
				CLANG_ENABLE_MODULES = YES;
				CLANG_ENABLE_OBJC_ARC = YES;
				CLANG_ENABLE_OBJC_WEAK = YES;
				CLANG_WARN_BLOCK_CAPTURE_AUTORELEASING = YES;
				CLANG_WARN_BOOL_CONVERSION = YES;
				CLANG_WARN_COMMA = YES;
				CLANG_WARN_CONSTANT_CONVERSION = YES;
				CLANG_WARN_DEPRECATED_OBJC_IMPLEMENTATIONS = YES;
				CLANG_WARN_DIRECT_OBJC_ISA_USAGE = YES_ERROR;
				CLANG_WARN_DOCUMENTATION_COMMENTS = YES;
				CLANG_WARN_EMPTY_BODY = YES;
				CLANG_WARN_ENUM_CONVERSION = YES;
				CLANG_WARN_INFINITE_RECURSION = YES;
				CLANG_WARN_INT_CONVERSION = YES;
				CLANG_WARN_NON_LITERAL_NULL_CONVERSION = YES;
				CLANG_WARN_OBJC_IMPLICIT_RETAIN_SELF = YES;
				CLANG_WARN_OBJC_LITERAL_CONVERSION = YES;
				CLANG_WARN_OBJC_ROOT_CLASS = YES_ERROR;
				CLANG_WARN_QUOTED_INCLUDE_IN_FRAMEWORK_HEADER = YES;
				CLANG_WARN_RANGE_LOOP_ANALYSIS = YES;
				CLANG_WARN_STRICT_PROTOTYPES = YES;
				CLANG_WARN_SUSPICIOUS_MOVE = YES;
				CLANG_WARN_UNGUARDED_AVAILABILITY = YES_AGGRESSIVE;
				CLANG_WARN_UNREACHABLE_CODE = YES;
				CLANG_WARN__DUPLICATE_METHOD_MATCH = YES;
				COPY_PHASE_STRIP = NO;
				DEBUG_INFORMATION_FORMAT = "dwarf-with-dsym";
				ENABLE_NS_ASSERTIONS = NO;
				ENABLE_STRICT_OBJC_MSGSEND = YES;
				GCC_C_LANGUAGE_STANDARD = gnu11;
				GCC_NO_COMMON_BLOCKS = YES;
				GCC_WARN_64_TO_32_BIT_CONVERSION = YES;
				GCC_WARN_ABOUT_RETURN_TYPE = YES_ERROR;
				GCC_WARN_UNDECLARED_SELECTOR = YES;
				GCC_WARN_UNINITIALIZED_AUTOS = YES_AGGRESSIVE;
				GCC_WARN_UNUSED_FUNCTION = YES;
				GCC_WARN_UNUSED_VARIABLE = YES;
				IPHONEOS_DEPLOYMENT_TARGET = 16.2;
				MTL_ENABLE_DEBUG_INFO = NO;
				MTL_FAST_MATH = YES;
				SDKROOT = iphoneos;
				SWIFT_COMPILATION_MODE = wholemodule;
				SWIFT_OPTIMIZATION_LEVEL = "-O";
				VALIDATE_PRODUCT = YES;
			};
			name = Release;
		};
		34CC64A8297FAD1F004D6FE1 /* Debug */ = {
			isa = XCBuildConfiguration;
			buildSettings = {
				ASSETCATALOG_COMPILER_APPICON_NAME = AppIcon;
				ASSETCATALOG_COMPILER_GLOBAL_ACCENT_COLOR_NAME = AccentColor;
				CODE_SIGN_STYLE = Automatic;
				CURRENT_PROJECT_VERSION = 1;
				DEVELOPMENT_ASSET_PATHS = "\"MobileSdk.iOS.SampleApp/Preview Content\"";
				DEVELOPMENT_TEAM = 548582VQ2L;
				ENABLE_PREVIEWS = YES;
				GENERATE_INFOPLIST_FILE = YES;
				INFOPLIST_FILE = "MobileSdk-iOS-SampleApp-Info.plist";
				INFOPLIST_KEY_NSCameraUsageDescription = "The app uses the camera to fetch pictures of Identity Documents for Identification Purposes";
				INFOPLIST_KEY_UIApplicationSceneManifest_Generation = YES;
				INFOPLIST_KEY_UIApplicationSupportsIndirectInputEvents = YES;
				INFOPLIST_KEY_UILaunchScreen_Generation = YES;
				INFOPLIST_KEY_UISupportedInterfaceOrientations_iPad = "UIInterfaceOrientationPortrait UIInterfaceOrientationPortraitUpsideDown UIInterfaceOrientationLandscapeLeft UIInterfaceOrientationLandscapeRight";
				INFOPLIST_KEY_UISupportedInterfaceOrientations_iPhone = "UIInterfaceOrientationPortrait UIInterfaceOrientationLandscapeLeft UIInterfaceOrientationLandscapeRight";
				IPHONEOS_DEPLOYMENT_TARGET = 15.0;
				LD_RUNPATH_SEARCH_PATHS = (
					"$(inherited)",
					"@executable_path/Frameworks",
				);
				MARKETING_VERSION = 1.0;
				PRODUCT_BUNDLE_IDENTIFIER = "com.zignsec.MobileSdk-iOS-SampleApp";
				PRODUCT_NAME = "$(TARGET_NAME)";
				SWIFT_EMIT_LOC_STRINGS = YES;
				SWIFT_VERSION = 5.0;
				TARGETED_DEVICE_FAMILY = "1,2";
			};
			name = Debug;
		};
		34CC64A9297FAD1F004D6FE1 /* Release */ = {
			isa = XCBuildConfiguration;
			buildSettings = {
				ASSETCATALOG_COMPILER_APPICON_NAME = AppIcon;
				ASSETCATALOG_COMPILER_GLOBAL_ACCENT_COLOR_NAME = AccentColor;
				CODE_SIGN_STYLE = Automatic;
				CURRENT_PROJECT_VERSION = 1;
				DEVELOPMENT_ASSET_PATHS = "\"MobileSdk.iOS.SampleApp/Preview Content\"";
				DEVELOPMENT_TEAM = 548582VQ2L;
				ENABLE_PREVIEWS = YES;
				GENERATE_INFOPLIST_FILE = YES;
				INFOPLIST_FILE = "MobileSdk-iOS-SampleApp-Info.plist";
				INFOPLIST_KEY_NSCameraUsageDescription = "The app uses the camera to fetch pictures of Identity Documents for Identification Purposes";
				INFOPLIST_KEY_UIApplicationSceneManifest_Generation = YES;
				INFOPLIST_KEY_UIApplicationSupportsIndirectInputEvents = YES;
				INFOPLIST_KEY_UILaunchScreen_Generation = YES;
				INFOPLIST_KEY_UISupportedInterfaceOrientations_iPad = "UIInterfaceOrientationPortrait UIInterfaceOrientationPortraitUpsideDown UIInterfaceOrientationLandscapeLeft UIInterfaceOrientationLandscapeRight";
				INFOPLIST_KEY_UISupportedInterfaceOrientations_iPhone = "UIInterfaceOrientationPortrait UIInterfaceOrientationLandscapeLeft UIInterfaceOrientationLandscapeRight";
				IPHONEOS_DEPLOYMENT_TARGET = 15.0;
				LD_RUNPATH_SEARCH_PATHS = (
					"$(inherited)",
					"@executable_path/Frameworks",
				);
				MARKETING_VERSION = 1.0;
				PRODUCT_BUNDLE_IDENTIFIER = "com.zignsec.MobileSdk-iOS-SampleApp";
				PRODUCT_NAME = "$(TARGET_NAME)";
				SWIFT_EMIT_LOC_STRINGS = YES;
				SWIFT_VERSION = 5.0;
				TARGETED_DEVICE_FAMILY = "1,2";
			};
			name = Release;
		};
/* End XCBuildConfiguration section */

/* Begin XCConfigurationList section */
		34CC648F297FAD1D004D6FE1 /* Build configuration list for PBXProject "MobileSdk.iOS.SampleApp" */ = {
			isa = XCConfigurationList;
			buildConfigurations = (
				34CC64A5297FAD1F004D6FE1 /* Debug */,
				34CC64A6297FAD1F004D6FE1 /* Release */,
			);
			defaultConfigurationIsVisible = 0;
			defaultConfigurationName = Release;
		};
		34CC64A7297FAD1F004D6FE1 /* Build configuration list for PBXNativeTarget "MobileSdk.iOS.SampleApp" */ = {
			isa = XCConfigurationList;
			buildConfigurations = (
				34CC64A8297FAD1F004D6FE1 /* Debug */,
				34CC64A9297FAD1F004D6FE1 /* Release */,
			);
			defaultConfigurationIsVisible = 0;
			defaultConfigurationName = Release;
		};
/* End XCConfigurationList section */

/* Begin XCVersionGroup section */
		34CC64A2297FAD1F004D6FE1 /* MobileSdk_iOS_SampleApp.xcdatamodeld */ = {
			isa = XCVersionGroup;
			children = (
				34CC64A3297FAD1F004D6FE1 /* MobileSdk_iOS_SampleApp.xcdatamodel */,
			);
			currentVersion = 34CC64A3297FAD1F004D6FE1 /* MobileSdk_iOS_SampleApp.xcdatamodel */;
			path = MobileSdk_iOS_SampleApp.xcdatamodeld;
			sourceTree = "<group>";
			versionGroupType = wrapper.xcdatamodel;
		};
/* End XCVersionGroup section */
	};
	rootObject = 34CC648C297FAD1D004D6FE1 /* Project object */;
}
